
Microsoft Visual Studio Solution File, Format Version 12.00
# Visual Studio Version 17
VisualStudioVersion = 17.12.35514.174
MinimumVisualStudioVersion = 10.0.40219.1
Project("{FAE04EC0-301F-11D3-BF4B-00C04F79EFBC}") = "CSharpPart2", "CSharpPart2\CSharpPart2.csproj", "{C69CC8DC-985F-4EDC-A357-030A197C459F}"
EndProject
Project("{FAE04EC0-301F-11D3-BF4B-00C04F79EFBC}") = "MSTest1", "MSTest1\MSTest1.csproj", "{6A562C8E-0EA4-43BB-8DE2-D694E1421831}"
EndProject
Project("{FAE04EC0-301F-11D3-BF4B-00C04F79EFBC}") = "xUnit1", "xUnit1\xUnit1.csproj", "{9187F205-05B6-402D-8B9F-F360B4C3D81A}"
EndProject
Global
	GlobalSection(SolutionConfigurationPlatforms) = preSolution
		Debug|Any CPU = Debug|Any CPU
		Release|Any CPU = Release|Any CPU
	EndGlobalSection
	GlobalSection(ProjectConfigurationPlatforms) = postSolution
		{C69CC8DC-985F-4EDC-A357-030A197C459F}.Debug|Any CPU.ActiveCfg = Debug|Any CPU
		{C69CC8DC-985F-4EDC-A357-030A197C459F}.Debug|Any CPU.Build.0 = Debug|Any CPU
		{C69CC8DC-985F-4EDC-A357-030A197C459F}.Release|Any CPU.ActiveCfg = Release|Any CPU
		{C69CC8DC-985F-4EDC-A357-030A197C459F}.Release|Any CPU.Build.0 = Release|Any CPU
		{6A562C8E-0EA4-43BB-8DE2-D694E1421831}.Debug|Any CPU.ActiveCfg = Debug|Any CPU
		{6A562C8E-0EA4-43BB-8DE2-D694E1421831}.Debug|Any CPU.Build.0 = Debug|Any CPU
		{6A562C8E-0EA4-43BB-8DE2-D694E1421831}.Release|Any CPU.ActiveCfg = Release|Any CPU
		{6A562C8E-0EA4-43BB-8DE2-D694E1421831}.Release|Any CPU.Build.0 = Release|Any CPU
		{9187F205-05B6-402D-8B9F-F360B4C3D81A}.Debug|Any CPU.ActiveCfg = Debug|Any CPU
		{9187F205-05B6-402D-8B9F-F360B4C3D81A}.Debug|Any CPU.Build.0 = Debug|Any CPU
		{9187F205-05B6-402D-8B9F-F360B4C3D81A}.Release|Any CPU.ActiveCfg = Release|Any CPU
		{9187F205-05B6-402D-8B9F-F360B4C3D81A}.Release|Any CPU.Build.0 = Release|Any CPU
	EndGlobalSection
	GlobalSection(SolutionProperties) = preSolution
		HideSolutionNode = FALSE
	EndGlobalSection
EndGlobal
